
Microsoft Visual Studio Solution File, Format Version 12.00
# Visual Studio Version 16
VisualStudioVersion = 16.0.31402.337
MinimumVisualStudioVersion = 10.0.40219.1
Project("{FAE04EC0-301F-11D3-BF4B-00C04F79EFBC}") = "WebAPICoreWithEF", "WebApplication4\WebAPICoreWithEF.csproj", "{A42714CF-550C-4FC8-8D09-C2E913D04671}"
EndProject
Global
	GlobalSection(SolutionConfigurationPlatforms) = preSolution
		Debug|Any CPU = Debug|Any CPU
		Release|Any CPU = Release|Any CPU
	EndGlobalSection
	GlobalSection(ProjectConfigurationPlatforms) = postSolution
		{A42714CF-550C-4FC8-8D09-C2E913D04671}.Debug|Any CPU.ActiveCfg = Debug|Any CPU
		{A42714CF-550C-4FC8-8D09-C2E913D04671}.Debug|Any CPU.Build.0 = Debug|Any CPU
		{A42714CF-550C-4FC8-8D09-C2E913D04671}.Release|Any CPU.ActiveCfg = Release|Any CPU
		{A42714CF-550C-4FC8-8D09-C2E913D04671}.Release|Any CPU.Build.0 = Release|Any CPU
	EndGlobalSection
	GlobalSection(SolutionProperties) = preSolution
		HideSolutionNode = FALSE
	EndGlobalSection
	GlobalSection(ExtensibilityGlobals) = postSolution
		SolutionGuid = {EF4C0DC8-5F07-4D7D-BD11-6B8C9A7EDD85}
	EndGlobalSection
EndGlobal
